
Microsoft Visual Studio Solution File, Format Version 12.00
# Visual Studio Version 16
VisualStudioVersion = 16.0.32428.217
MinimumVisualStudioVersion = 10.0.40219.1
Project("{9A19103F-16F7-4668-BE54-9A1E7A4F7556}") = "ProductOrderMgmt", "ProductOrderMgmt.csproj", "{7250CF3B-8954-4F04-9B42-F96951632F11}"
EndProject
Global
	GlobalSection(SolutionConfigurationPlatforms) = preSolution
		Debug|Any CPU = Debug|Any CPU
		Release|Any CPU = Release|Any CPU
	EndGlobalSection
	GlobalSection(ProjectConfigurationPlatforms) = postSolution
		{7250CF3B-8954-4F04-9B42-F96951632F11}.Debug|Any CPU.ActiveCfg = Debug|Any CPU
		{7250CF3B-8954-4F04-9B42-F96951632F11}.Debug|Any CPU.Build.0 = Debug|Any CPU
		{7250CF3B-8954-4F04-9B42-F96951632F11}.Release|Any CPU.ActiveCfg = Release|Any CPU
		{7250CF3B-8954-4F04-9B42-F96951632F11}.Release|Any CPU.Build.0 = Release|Any CPU
	EndGlobalSection
	GlobalSection(SolutionProperties) = preSolution
		HideSolutionNode = FALSE
	EndGlobalSection
	GlobalSection(ExtensibilityGlobals) = postSolution
		SolutionGuid = {D13058B1-9019-4674-9AA2-61761B5A460B}
	EndGlobalSection
EndGlobal
